
Microsoft Visual Studio Solution File, Format Version 12.00
# Visual Studio Version 17
VisualStudioVersion = 17.5.33530.505
MinimumVisualStudioVersion = 10.0.40219.1
Project("{FAE04EC0-301F-11D3-BF4B-00C04F79EFBC}") = "StopWatch", "StopWatch.csproj", "{13171201-7FA9-43D8-8F75-7666AC1361E1}"
EndProject
Global
	GlobalSection(SolutionConfigurationPlatforms) = preSolution
		Debug|Any CPU = Debug|Any CPU
		Release|Any CPU = Release|Any CPU
	EndGlobalSection
	GlobalSection(ProjectConfigurationPlatforms) = postSolution
		{13171201-7FA9-43D8-8F75-7666AC1361E1}.Debug|Any CPU.ActiveCfg = Debug|Any CPU
		{13171201-7FA9-43D8-8F75-7666AC1361E1}.Debug|Any CPU.Build.0 = Debug|Any CPU
		{13171201-7FA9-43D8-8F75-7666AC1361E1}.Release|Any CPU.ActiveCfg = Release|Any CPU
		{13171201-7FA9-43D8-8F75-7666AC1361E1}.Release|Any CPU.Build.0 = Release|Any CPU
	EndGlobalSection
	GlobalSection(SolutionProperties) = preSolution
		HideSolutionNode = FALSE
	EndGlobalSection
	GlobalSection(ExtensibilityGlobals) = postSolution
		SolutionGuid = {73532B63-0C5B-4176-9C60-54426CCE1C3A}
	EndGlobalSection
EndGlobal
