
Microsoft Visual Studio Solution File, Format Version 12.00
# Visual Studio Version 17
VisualStudioVersion = 17.5.33530.505
MinimumVisualStudioVersion = 10.0.40219.1
Project("{9A19103F-16F7-4668-BE54-9A1E7A4F7556}") = "TextFileDataAccessDemo", "TextFileDataAccessDemo.csproj", "{C5C90282-8580-41E6-94FD-442A52A96EE5}"
EndProject
Project("{FAE04EC0-301F-11D3-BF4B-00C04F79EFBC}") = "TextFileDataAccessGUI", "..\TextFileDataAccessGUI\TextFileDataAccessGUI.csproj", "{8C1C50FE-C96F-4FEF-9568-969EA95156FC}"
EndProject
Global
	GlobalSection(SolutionConfigurationPlatforms) = preSolution
		Debug|Any CPU = Debug|Any CPU
		Release|Any CPU = Release|Any CPU
	EndGlobalSection
	GlobalSection(ProjectConfigurationPlatforms) = postSolution
		{C5C90282-8580-41E6-94FD-442A52A96EE5}.Debug|Any CPU.ActiveCfg = Debug|Any CPU
		{C5C90282-8580-41E6-94FD-442A52A96EE5}.Debug|Any CPU.Build.0 = Debug|Any CPU
		{C5C90282-8580-41E6-94FD-442A52A96EE5}.Release|Any CPU.ActiveCfg = Release|Any CPU
		{C5C90282-8580-41E6-94FD-442A52A96EE5}.Release|Any CPU.Build.0 = Release|Any CPU
		{8C1C50FE-C96F-4FEF-9568-969EA95156FC}.Debug|Any CPU.ActiveCfg = Debug|Any CPU
		{8C1C50FE-C96F-4FEF-9568-969EA95156FC}.Debug|Any CPU.Build.0 = Debug|Any CPU
		{8C1C50FE-C96F-4FEF-9568-969EA95156FC}.Release|Any CPU.ActiveCfg = Release|Any CPU
		{8C1C50FE-C96F-4FEF-9568-969EA95156FC}.Release|Any CPU.Build.0 = Release|Any CPU
	EndGlobalSection
	GlobalSection(SolutionProperties) = preSolution
		HideSolutionNode = FALSE
	EndGlobalSection
	GlobalSection(ExtensibilityGlobals) = postSolution
		SolutionGuid = {1A3C638B-7C68-4538-8F10-F8F770C52EAC}
	EndGlobalSection
EndGlobal
